// !$*UTF8*$!
{
	archiveVersion = 1;
	classes = {
	};
	objectVersion = 55;
	objects = {

/* Begin PBXBuildFile section */
		D84F880127CE46850025F23A /* AppDelegate.swift in Sources */ = {isa = PBXBuildFile; fileRef = D84F880027CE46850025F23A /* AppDelegate.swift */; };
		D84F880327CE46850025F23A /* SceneDelegate.swift in Sources */ = {isa = PBXBuildFile; fileRef = D84F880227CE46850025F23A /* SceneDelegate.swift */; };
		D84F880A27CE46870025F23A /* Assets.xcassets in Resources */ = {isa = PBXBuildFile; fileRef = D84F880927CE46870025F23A /* Assets.xcassets */; };
		D84F880D27CE46870025F23A /* LaunchScreen.storyboard in Resources */ = {isa = PBXBuildFile; fileRef = D84F880B27CE46870025F23A /* LaunchScreen.storyboard */; };
		D84F881827CE46880025F23A /* Mandiri_ProjectTests.swift in Sources */ = {isa = PBXBuildFile; fileRef = D84F881727CE46880025F23A /* Mandiri_ProjectTests.swift */; };
		D84F882227CE46880025F23A /* Mandiri_ProjectUITests.swift in Sources */ = {isa = PBXBuildFile; fileRef = D84F882127CE46880025F23A /* Mandiri_ProjectUITests.swift */; };
		D84F882427CE46880025F23A /* Mandiri_ProjectUITestsLaunchTests.swift in Sources */ = {isa = PBXBuildFile; fileRef = D84F882327CE46880025F23A /* Mandiri_ProjectUITestsLaunchTests.swift */; };
		D84F883727CFB2940025F23A /* DataManager.swift in Sources */ = {isa = PBXBuildFile; fileRef = D84F883627CFB2940025F23A /* DataManager.swift */; };
		D84F883B27CFB31D0025F23A /* APIRequest.swift in Sources */ = {isa = PBXBuildFile; fileRef = D84F883A27CFB31D0025F23A /* APIRequest.swift */; };
		D84F883E27CFBD170025F23A /* Constant.swift in Sources */ = {isa = PBXBuildFile; fileRef = D84F883D27CFBD170025F23A /* Constant.swift */; };
		D84F884327D0AFF60025F23A /* News.swift in Sources */ = {isa = PBXBuildFile; fileRef = D84F884227D0AFF60025F23A /* News.swift */; };
		D84F885527D0BF640025F23A /* NewsSource.swift in Sources */ = {isa = PBXBuildFile; fileRef = D84F885427D0BF640025F23A /* NewsSource.swift */; };
		D84F885C27D0E1580025F23A /* NewsCategoryProtocol.swift in Sources */ = {isa = PBXBuildFile; fileRef = D84F885B27D0E1580025F23A /* NewsCategoryProtocol.swift */; };
		D84F885F27D0E3430025F23A /* NewsCategoryViewController.swift in Sources */ = {isa = PBXBuildFile; fileRef = D84F885D27D0E3430025F23A /* NewsCategoryViewController.swift */; };
		D84F886027D0E3430025F23A /* NewsCategoryViewController.xib in Resources */ = {isa = PBXBuildFile; fileRef = D84F885E27D0E3430025F23A /* NewsCategoryViewController.xib */; };
		D84F886227D0E4250025F23A /* NewsCategoryPresenter.swift in Sources */ = {isa = PBXBuildFile; fileRef = D84F886127D0E4250025F23A /* NewsCategoryPresenter.swift */; };
		D84F886427D0E4AC0025F23A /* NewsCategoryInteractor.swift in Sources */ = {isa = PBXBuildFile; fileRef = D84F886327D0E4AC0025F23A /* NewsCategoryInteractor.swift */; };
		D84F886627D0E5F40025F23A /* NewsCategoryRouter.swift in Sources */ = {isa = PBXBuildFile; fileRef = D84F886527D0E5F40025F23A /* NewsCategoryRouter.swift */; };
		D84F886927D0F8B70025F23A /* CategoryTableViewCell.swift in Sources */ = {isa = PBXBuildFile; fileRef = D84F886727D0F8B70025F23A /* CategoryTableViewCell.swift */; };
		D84F886A27D0F8B70025F23A /* CategoryTableViewCell.xib in Resources */ = {isa = PBXBuildFile; fileRef = D84F886827D0F8B70025F23A /* CategoryTableViewCell.xib */; };
		D84F886D27D0FFFF0025F23A /* NewsSourcesProtocols.swift in Sources */ = {isa = PBXBuildFile; fileRef = D84F886C27D0FFFF0025F23A /* NewsSourcesProtocols.swift */; };
		D84F887027D100980025F23A /* NewsSourcesViewController.swift in Sources */ = {isa = PBXBuildFile; fileRef = D84F886E27D100980025F23A /* NewsSourcesViewController.swift */; };
		D84F887127D100980025F23A /* NewsSourcesViewController.xib in Resources */ = {isa = PBXBuildFile; fileRef = D84F886F27D100980025F23A /* NewsSourcesViewController.xib */; };
		D84F887327D102D20025F23A /* NewsSourcesInteractor.swift in Sources */ = {isa = PBXBuildFile; fileRef = D84F887227D102D20025F23A /* NewsSourcesInteractor.swift */; };
		D84F887527D103C20025F23A /* NewsSourcesPresenter.swift in Sources */ = {isa = PBXBuildFile; fileRef = D84F887427D103C20025F23A /* NewsSourcesPresenter.swift */; };
		D84F887727D105C00025F23A /* NewsSourcesRouter.swift in Sources */ = {isa = PBXBuildFile; fileRef = D84F887627D105C00025F23A /* NewsSourcesRouter.swift */; };
		D84F887A27D1198B0025F23A /* SourcesTableViewCell.swift in Sources */ = {isa = PBXBuildFile; fileRef = D84F887827D1198B0025F23A /* SourcesTableViewCell.swift */; };
		D84F887B27D1198B0025F23A /* SourcesTableViewCell.xib in Resources */ = {isa = PBXBuildFile; fileRef = D84F887927D1198B0025F23A /* SourcesTableViewCell.xib */; };
		D84F887E27D1E0700025F23A /* NewsArticlesProtocols.swift in Sources */ = {isa = PBXBuildFile; fileRef = D84F887D27D1E0700025F23A /* NewsArticlesProtocols.swift */; };
		D84F888127D1E3B10025F23A /* NewsArticlesViewController.swift in Sources */ = {isa = PBXBuildFile; fileRef = D84F887F27D1E3B10025F23A /* NewsArticlesViewController.swift */; };
		D84F888227D1E3B10025F23A /* NewsArticlesViewController.xib in Resources */ = {isa = PBXBuildFile; fileRef = D84F888027D1E3B10025F23A /* NewsArticlesViewController.xib */; };
		D84F888427D1E53E0025F23A /* NewsArticlesInteractor.swift in Sources */ = {isa = PBXBuildFile; fileRef = D84F888327D1E53E0025F23A /* NewsArticlesInteractor.swift */; };
		D84F888627D1E57F0025F23A /* NewsArticlesPresenter.swift in Sources */ = {isa = PBXBuildFile; fileRef = D84F888527D1E57F0025F23A /* NewsArticlesPresenter.swift */; };
		D84F888827D1E67E0025F23A /* NewsArticlesRouter.swift in Sources */ = {isa = PBXBuildFile; fileRef = D84F888727D1E67E0025F23A /* NewsArticlesRouter.swift */; };
		D84F888D27D1ECF60025F23A /* ArticlesTableViewCell.swift in Sources */ = {isa = PBXBuildFile; fileRef = D84F888B27D1ECF60025F23A /* ArticlesTableViewCell.swift */; };
		D84F888E27D1ECF60025F23A /* ArticlesTableViewCell.xib in Resources */ = {isa = PBXBuildFile; fileRef = D84F888C27D1ECF60025F23A /* ArticlesTableViewCell.xib */; };
		D84F889127D21AB60025F23A /* UIImageView.swift in Sources */ = {isa = PBXBuildFile; fileRef = D84F889027D21AB60025F23A /* UIImageView.swift */; };
		D84F889327D245D60025F23A /* WebViewController.swift in Sources */ = {isa = PBXBuildFile; fileRef = D84F889227D245D60025F23A /* WebViewController.swift */; };
		D84F889827D267ED0025F23A /* NoThumbnailArticlesTableViewCell.swift in Sources */ = {isa = PBXBuildFile; fileRef = D84F889627D267ED0025F23A /* NoThumbnailArticlesTableViewCell.swift */; };
		D84F889927D267ED0025F23A /* NoThumbnailArticlesTableViewCell.xib in Resources */ = {isa = PBXBuildFile; fileRef = D84F889727D267ED0025F23A /* NoThumbnailArticlesTableViewCell.xib */; };
/* End PBXBuildFile section */

/* Begin PBXContainerItemProxy section */
		D84F881427CE46880025F23A /* PBXContainerItemProxy */ = {
			isa = PBXContainerItemProxy;
			containerPortal = D84F87F527CE46850025F23A /* Project object */;
			proxyType = 1;
			remoteGlobalIDString = D84F87FC27CE46850025F23A;
			remoteInfo = Mandiri_Project;
		};
		D84F881E27CE46880025F23A /* PBXContainerItemProxy */ = {
			isa = PBXContainerItemProxy;
			containerPortal = D84F87F527CE46850025F23A /* Project object */;
			proxyType = 1;
			remoteGlobalIDString = D84F87FC27CE46850025F23A;
			remoteInfo = Mandiri_Project;
		};
/* End PBXContainerItemProxy section */

/* Begin PBXFileReference section */
		D84F87FD27CE46850025F23A /* Mandiri_Project.app */ = {isa = PBXFileReference; explicitFileType = wrapper.application; includeInIndex = 0; path = Mandiri_Project.app; sourceTree = BUILT_PRODUCTS_DIR; };
		D84F880027CE46850025F23A /* AppDelegate.swift */ = {isa = PBXFileReference; lastKnownFileType = sourcecode.swift; path = AppDelegate.swift; sourceTree = "<group>"; };
		D84F880227CE46850025F23A /* SceneDelegate.swift */ = {isa = PBXFileReference; lastKnownFileType = sourcecode.swift; path = SceneDelegate.swift; sourceTree = "<group>"; };
		D84F880927CE46870025F23A /* Assets.xcassets */ = {isa = PBXFileReference; lastKnownFileType = folder.assetcatalog; path = Assets.xcassets; sourceTree = "<group>"; };
		D84F880C27CE46870025F23A /* Base */ = {isa = PBXFileReference; lastKnownFileType = file.storyboard; name = Base; path = Base.lproj/LaunchScreen.storyboard; sourceTree = "<group>"; };
		D84F880E27CE46870025F23A /* Info.plist */ = {isa = PBXFileReference; lastKnownFileType = text.plist.xml; path = Info.plist; sourceTree = "<group>"; };
		D84F881327CE46880025F23A /* Mandiri_ProjectTests.xctest */ = {isa = PBXFileReference; explicitFileType = wrapper.cfbundle; includeInIndex = 0; path = Mandiri_ProjectTests.xctest; sourceTree = BUILT_PRODUCTS_DIR; };
		D84F881727CE46880025F23A /* Mandiri_ProjectTests.swift */ = {isa = PBXFileReference; lastKnownFileType = sourcecode.swift; path = Mandiri_ProjectTests.swift; sourceTree = "<group>"; };
		D84F881D27CE46880025F23A /* Mandiri_ProjectUITests.xctest */ = {isa = PBXFileReference; explicitFileType = wrapper.cfbundle; includeInIndex = 0; path = Mandiri_ProjectUITests.xctest; sourceTree = BUILT_PRODUCTS_DIR; };
		D84F882127CE46880025F23A /* Mandiri_ProjectUITests.swift */ = {isa = PBXFileReference; lastKnownFileType = sourcecode.swift; path = Mandiri_ProjectUITests.swift; sourceTree = "<group>"; };
		D84F882327CE46880025F23A /* Mandiri_ProjectUITestsLaunchTests.swift */ = {isa = PBXFileReference; lastKnownFileType = sourcecode.swift; path = Mandiri_ProjectUITestsLaunchTests.swift; sourceTree = "<group>"; };
		D84F883627CFB2940025F23A /* DataManager.swift */ = {isa = PBXFileReference; lastKnownFileType = sourcecode.swift; path = DataManager.swift; sourceTree = "<group>"; };
		D84F883A27CFB31D0025F23A /* APIRequest.swift */ = {isa = PBXFileReference; lastKnownFileType = sourcecode.swift; path = APIRequest.swift; sourceTree = "<group>"; };
		D84F883D27CFBD170025F23A /* Constant.swift */ = {isa = PBXFileReference; lastKnownFileType = sourcecode.swift; path = Constant.swift; sourceTree = "<group>"; };
		D84F884227D0AFF60025F23A /* News.swift */ = {isa = PBXFileReference; lastKnownFileType = sourcecode.swift; path = News.swift; sourceTree = "<group>"; };
		D84F885427D0BF640025F23A /* NewsSource.swift */ = {isa = PBXFileReference; lastKnownFileType = sourcecode.swift; path = NewsSource.swift; sourceTree = "<group>"; };
		D84F885B27D0E1580025F23A /* NewsCategoryProtocol.swift */ = {isa = PBXFileReference; lastKnownFileType = sourcecode.swift; path = NewsCategoryProtocol.swift; sourceTree = "<group>"; };
		D84F885D27D0E3430025F23A /* NewsCategoryViewController.swift */ = {isa = PBXFileReference; lastKnownFileType = sourcecode.swift; path = NewsCategoryViewController.swift; sourceTree = "<group>"; };
		D84F885E27D0E3430025F23A /* NewsCategoryViewController.xib */ = {isa = PBXFileReference; lastKnownFileType = file.xib; path = NewsCategoryViewController.xib; sourceTree = "<group>"; };
		D84F886127D0E4250025F23A /* NewsCategoryPresenter.swift */ = {isa = PBXFileReference; lastKnownFileType = sourcecode.swift; path = NewsCategoryPresenter.swift; sourceTree = "<group>"; };
		D84F886327D0E4AC0025F23A /* NewsCategoryInteractor.swift */ = {isa = PBXFileReference; lastKnownFileType = sourcecode.swift; path = NewsCategoryInteractor.swift; sourceTree = "<group>"; };
		D84F886527D0E5F40025F23A /* NewsCategoryRouter.swift */ = {isa = PBXFileReference; lastKnownFileType = sourcecode.swift; path = NewsCategoryRouter.swift; sourceTree = "<group>"; };
		D84F886727D0F8B70025F23A /* CategoryTableViewCell.swift */ = {isa = PBXFileReference; lastKnownFileType = sourcecode.swift; path = CategoryTableViewCell.swift; sourceTree = "<group>"; };
		D84F886827D0F8B70025F23A /* CategoryTableViewCell.xib */ = {isa = PBXFileReference; lastKnownFileType = file.xib; path = CategoryTableViewCell.xib; sourceTree = "<group>"; };
		D84F886C27D0FFFF0025F23A /* NewsSourcesProtocols.swift */ = {isa = PBXFileReference; lastKnownFileType = sourcecode.swift; path = NewsSourcesProtocols.swift; sourceTree = "<group>"; };
		D84F886E27D100980025F23A /* NewsSourcesViewController.swift */ = {isa = PBXFileReference; lastKnownFileType = sourcecode.swift; path = NewsSourcesViewController.swift; sourceTree = "<group>"; };
		D84F886F27D100980025F23A /* NewsSourcesViewController.xib */ = {isa = PBXFileReference; lastKnownFileType = file.xib; path = NewsSourcesViewController.xib; sourceTree = "<group>"; };
		D84F887227D102D20025F23A /* NewsSourcesInteractor.swift */ = {isa = PBXFileReference; lastKnownFileType = sourcecode.swift; path = NewsSourcesInteractor.swift; sourceTree = "<group>"; };
		D84F887427D103C20025F23A /* NewsSourcesPresenter.swift */ = {isa = PBXFileReference; lastKnownFileType = sourcecode.swift; path = NewsSourcesPresenter.swift; sourceTree = "<group>"; };
		D84F887627D105C00025F23A /* NewsSourcesRouter.swift */ = {isa = PBXFileReference; lastKnownFileType = sourcecode.swift; path = NewsSourcesRouter.swift; sourceTree = "<group>"; };
		D84F887827D1198B0025F23A /* SourcesTableViewCell.swift */ = {isa = PBXFileReference; lastKnownFileType = sourcecode.swift; path = SourcesTableViewCell.swift; sourceTree = "<group>"; };
		D84F887927D1198B0025F23A /* SourcesTableViewCell.xib */ = {isa = PBXFileReference; lastKnownFileType = file.xib; path = SourcesTableViewCell.xib; sourceTree = "<group>"; };
		D84F887D27D1E0700025F23A /* NewsArticlesProtocols.swift */ = {isa = PBXFileReference; lastKnownFileType = sourcecode.swift; path = NewsArticlesProtocols.swift; sourceTree = "<group>"; };
		D84F887F27D1E3B10025F23A /* NewsArticlesViewController.swift */ = {isa = PBXFileReference; lastKnownFileType = sourcecode.swift; path = NewsArticlesViewController.swift; sourceTree = "<group>"; };
		D84F888027D1E3B10025F23A /* NewsArticlesViewController.xib */ = {isa = PBXFileReference; lastKnownFileType = file.xib; path = NewsArticlesViewController.xib; sourceTree = "<group>"; };
		D84F888327D1E53E0025F23A /* NewsArticlesInteractor.swift */ = {isa = PBXFileReference; lastKnownFileType = sourcecode.swift; path = NewsArticlesInteractor.swift; sourceTree = "<group>"; };
		D84F888527D1E57F0025F23A /* NewsArticlesPresenter.swift */ = {isa = PBXFileReference; lastKnownFileType = sourcecode.swift; path = NewsArticlesPresenter.swift; sourceTree = "<group>"; };
		D84F888727D1E67E0025F23A /* NewsArticlesRouter.swift */ = {isa = PBXFileReference; lastKnownFileType = sourcecode.swift; path = NewsArticlesRouter.swift; sourceTree = "<group>"; };
		D84F888B27D1ECF60025F23A /* ArticlesTableViewCell.swift */ = {isa = PBXFileReference; lastKnownFileType = sourcecode.swift; path = ArticlesTableViewCell.swift; sourceTree = "<group>"; };
		D84F888C27D1ECF60025F23A /* ArticlesTableViewCell.xib */ = {isa = PBXFileReference; lastKnownFileType = file.xib; path = ArticlesTableViewCell.xib; sourceTree = "<group>"; };
		D84F889027D21AB60025F23A /* UIImageView.swift */ = {isa = PBXFileReference; lastKnownFileType = sourcecode.swift; path = UIImageView.swift; sourceTree = "<group>"; };
		D84F889227D245D60025F23A /* WebViewController.swift */ = {isa = PBXFileReference; lastKnownFileType = sourcecode.swift; path = WebViewController.swift; sourceTree = "<group>"; };
		D84F889627D267ED0025F23A /* NoThumbnailArticlesTableViewCell.swift */ = {isa = PBXFileReference; lastKnownFileType = sourcecode.swift; path = NoThumbnailArticlesTableViewCell.swift; sourceTree = "<group>"; };
		D84F889727D267ED0025F23A /* NoThumbnailArticlesTableViewCell.xib */ = {isa = PBXFileReference; lastKnownFileType = file.xib; path = NoThumbnailArticlesTableViewCell.xib; sourceTree = "<group>"; };
/* End PBXFileReference section */

/* Begin PBXFrameworksBuildPhase section */
		D84F87FA27CE46850025F23A /* Frameworks */ = {
			isa = PBXFrameworksBuildPhase;
			buildActionMask = 2147483647;
			files = (
			);
			runOnlyForDeploymentPostprocessing = 0;
		};
		D84F881027CE46880025F23A /* Frameworks */ = {
			isa = PBXFrameworksBuildPhase;
			buildActionMask = 2147483647;
			files = (
			);
			runOnlyForDeploymentPostprocessing = 0;
		};
		D84F881A27CE46880025F23A /* Frameworks */ = {
			isa = PBXFrameworksBuildPhase;
			buildActionMask = 2147483647;
			files = (
			);
			runOnlyForDeploymentPostprocessing = 0;
		};
/* End PBXFrameworksBuildPhase section */

/* Begin PBXGroup section */
		D84F87F427CE46850025F23A = {
			isa = PBXGroup;
			children = (
				D84F87FF27CE46850025F23A /* Mandiri_Project */,
				D84F881627CE46880025F23A /* Mandiri_ProjectTests */,
				D84F882027CE46880025F23A /* Mandiri_ProjectUITests */,
				D84F87FE27CE46850025F23A /* Products */,
			);
			sourceTree = "<group>";
		};
		D84F87FE27CE46850025F23A /* Products */ = {
			isa = PBXGroup;
			children = (
				D84F87FD27CE46850025F23A /* Mandiri_Project.app */,
				D84F881327CE46880025F23A /* Mandiri_ProjectTests.xctest */,
				D84F881D27CE46880025F23A /* Mandiri_ProjectUITests.xctest */,
			);
			name = Products;
			sourceTree = "<group>";
		};
		D84F87FF27CE46850025F23A /* Mandiri_Project */ = {
			isa = PBXGroup;
			children = (
				D84F883C27CFBCF30025F23A /* Constant */,
				D84F883427CF5B500025F23A /* app-icons */,
				D84F883327CF5B470025F23A /* common-utils */,
				D84F883227CF5B410025F23A /* app-ui */,
				D84F883127CF5B390025F23A /* app-settings */,
				D84F883027CF5B190025F23A /* app-modules */,
				D84F880E27CE46870025F23A /* Info.plist */,
			);
			path = Mandiri_Project;
			sourceTree = "<group>";
		};
		D84F881627CE46880025F23A /* Mandiri_ProjectTests */ = {
			isa = PBXGroup;
			children = (
				D84F881727CE46880025F23A /* Mandiri_ProjectTests.swift */,
			);
			path = Mandiri_ProjectTests;
			sourceTree = "<group>";
		};
		D84F882027CE46880025F23A /* Mandiri_ProjectUITests */ = {
			isa = PBXGroup;
			children = (
				D84F882127CE46880025F23A /* Mandiri_ProjectUITests.swift */,
				D84F882327CE46880025F23A /* Mandiri_ProjectUITestsLaunchTests.swift */,
			);
			path = Mandiri_ProjectUITests;
			sourceTree = "<group>";
		};
		D84F883027CF5B190025F23A /* app-modules */ = {
			isa = PBXGroup;
			children = (
				D84F883F27CFC1350025F23A /* newsCategories-module */,
				D84F884027CFC15E0025F23A /* newsSources-module */,
				D84F884127CFC17A0025F23A /* newsArticles-module */,
			);
			path = "app-modules";
			sourceTree = "<group>";
		};
		D84F883127CF5B390025F23A /* app-settings */ = {
			isa = PBXGroup;
			children = (
				D84F880027CE46850025F23A /* AppDelegate.swift */,
				D84F880227CE46850025F23A /* SceneDelegate.swift */,
			);
			path = "app-settings";
			sourceTree = "<group>";
		};
		D84F883227CF5B410025F23A /* app-ui */ = {
			isa = PBXGroup;
			children = (
				D84F880B27CE46870025F23A /* LaunchScreen.storyboard */,
			);
			path = "app-ui";
			sourceTree = "<group>";
		};
		D84F883327CF5B470025F23A /* common-utils */ = {
			isa = PBXGroup;
			children = (
				D84F889427D245DC0025F23A /* Reusable */,
				D84F888F27D21A950025F23A /* Extensions */,
				D84F883827CFB3040025F23A /* Network */,
				D84F883527CFB27F0025F23A /* DataManager */,
			);
			path = "common-utils";
			sourceTree = "<group>";
		};
		D84F883427CF5B500025F23A /* app-icons */ = {
			isa = PBXGroup;
			children = (
				D84F880927CE46870025F23A /* Assets.xcassets */,
			);
			path = "app-icons";
			sourceTree = "<group>";
		};
		D84F883527CFB27F0025F23A /* DataManager */ = {
			isa = PBXGroup;
			children = (
				D84F883627CFB2940025F23A /* DataManager.swift */,
			);
			path = DataManager;
			sourceTree = "<group>";
		};
		D84F883827CFB3040025F23A /* Network */ = {
			isa = PBXGroup;
			children = (
				D84F883A27CFB31D0025F23A /* APIRequest.swift */,
			);
			path = Network;
			sourceTree = "<group>";
		};
		D84F883C27CFBCF30025F23A /* Constant */ = {
			isa = PBXGroup;
			children = (
				D84F883D27CFBD170025F23A /* Constant.swift */,
			);
			path = Constant;
			sourceTree = "<group>";
		};
		D84F883F27CFC1350025F23A /* newsCategories-module */ = {
			isa = PBXGroup;
			children = (
				D84F885A27D0E1300025F23A /* protocols */,
				D84F884427D0B0520025F23A /* view */,
				D84F884527D0B06E0025F23A /* interactor */,
				D84F884627D0B0780025F23A /* presenter */,
				D84F884727D0B07F0025F23A /* entity */,
				D84F884827D0B08A0025F23A /* router */,
			);
			path = "newsCategories-module";
			sourceTree = "<group>";
		};
		D84F884027CFC15E0025F23A /* newsSources-module */ = {
			isa = PBXGroup;
			children = (
				D84F886B27D0FFD30025F23A /* protocols */,
				D84F884D27D0BEAB0025F23A /* view */,
				D84F884C27D0BEA30025F23A /* interactor */,
				D84F884B27D0BE920025F23A /* presenter */,
				D84F884A27D0BE8B0025F23A /* entity */,
				D84F884927D0BE850025F23A /* router */,
			);
			path = "newsSources-module";
			sourceTree = "<group>";
		};
		D84F884127CFC17A0025F23A /* newsArticles-module */ = {
			isa = PBXGroup;
			children = (
				D84F887C27D1E0340025F23A /* protocols */,
				D84F885227D0BEE30025F23A /* view */,
				D84F885127D0BEDC0025F23A /* interactor */,
				D84F885027D0BECC0025F23A /* presenter */,
				D84F884F27D0BEC50025F23A /* entity */,
				D84F884E27D0BEB10025F23A /* router */,
			);
			path = "newsArticles-module";
			sourceTree = "<group>";
		};
		D84F884427D0B0520025F23A /* view */ = {
			isa = PBXGroup;
			children = (
				D84F885D27D0E3430025F23A /* NewsCategoryViewController.swift */,
				D84F885E27D0E3430025F23A /* NewsCategoryViewController.xib */,
				D84F886727D0F8B70025F23A /* CategoryTableViewCell.swift */,
				D84F886827D0F8B70025F23A /* CategoryTableViewCell.xib */,
			);
			path = view;
			sourceTree = "<group>";
		};
		D84F884527D0B06E0025F23A /* interactor */ = {
			isa = PBXGroup;
			children = (
				D84F886327D0E4AC0025F23A /* NewsCategoryInteractor.swift */,
			);
			path = interactor;
			sourceTree = "<group>";
		};
		D84F884627D0B0780025F23A /* presenter */ = {
			isa = PBXGroup;
			children = (
				D84F886127D0E4250025F23A /* NewsCategoryPresenter.swift */,
			);
			path = presenter;
			sourceTree = "<group>";
		};
		D84F884727D0B07F0025F23A /* entity */ = {
			isa = PBXGroup;
			children = (
			);
			path = entity;
			sourceTree = "<group>";
		};
		D84F884827D0B08A0025F23A /* router */ = {
			isa = PBXGroup;
			children = (
				D84F886527D0E5F40025F23A /* NewsCategoryRouter.swift */,
			);
			path = router;
			sourceTree = "<group>";
		};
		D84F884927D0BE850025F23A /* router */ = {
			isa = PBXGroup;
			children = (
				D84F887627D105C00025F23A /* NewsSourcesRouter.swift */,
			);
			path = router;
			sourceTree = "<group>";
		};
		D84F884A27D0BE8B0025F23A /* entity */ = {
			isa = PBXGroup;
			children = (
				D84F885427D0BF640025F23A /* NewsSource.swift */,
			);
			path = entity;
			sourceTree = "<group>";
		};
		D84F884B27D0BE920025F23A /* presenter */ = {
			isa = PBXGroup;
			children = (
				D84F887427D103C20025F23A /* NewsSourcesPresenter.swift */,
			);
			path = presenter;
			sourceTree = "<group>";
		};
		D84F884C27D0BEA30025F23A /* interactor */ = {
			isa = PBXGroup;
			children = (
				D84F887227D102D20025F23A /* NewsSourcesInteractor.swift */,
			);
			path = interactor;
			sourceTree = "<group>";
		};
		D84F884D27D0BEAB0025F23A /* view */ = {
			isa = PBXGroup;
			children = (
				D84F886E27D100980025F23A /* NewsSourcesViewController.swift */,
				D84F886F27D100980025F23A /* NewsSourcesViewController.xib */,
				D84F887827D1198B0025F23A /* SourcesTableViewCell.swift */,
				D84F887927D1198B0025F23A /* SourcesTableViewCell.xib */,
			);
			path = view;
			sourceTree = "<group>";
		};
		D84F884E27D0BEB10025F23A /* router */ = {
			isa = PBXGroup;
			children = (
				D84F888727D1E67E0025F23A /* NewsArticlesRouter.swift */,
			);
			path = router;
			sourceTree = "<group>";
		};
		D84F884F27D0BEC50025F23A /* entity */ = {
			isa = PBXGroup;
			children = (
				D84F884227D0AFF60025F23A /* News.swift */,
			);
			path = entity;
			sourceTree = "<group>";
		};
		D84F885027D0BECC0025F23A /* presenter */ = {
			isa = PBXGroup;
			children = (
				D84F888527D1E57F0025F23A /* NewsArticlesPresenter.swift */,
			);
			path = presenter;
			sourceTree = "<group>";
		};
		D84F885127D0BEDC0025F23A /* interactor */ = {
			isa = PBXGroup;
			children = (
				D84F888327D1E53E0025F23A /* NewsArticlesInteractor.swift */,
			);
			path = interactor;
			sourceTree = "<group>";
		};
		D84F885227D0BEE30025F23A /* view */ = {
			isa = PBXGroup;
			children = (
				D84F889527D267B50025F23A /* tableViewCells */,
				D84F887F27D1E3B10025F23A /* NewsArticlesViewController.swift */,
				D84F888027D1E3B10025F23A /* NewsArticlesViewController.xib */,
			);
			path = view;
			sourceTree = "<group>";
		};
		D84F885A27D0E1300025F23A /* protocols */ = {
			isa = PBXGroup;
			children = (
				D84F885B27D0E1580025F23A /* NewsCategoryProtocol.swift */,
			);
			path = protocols;
			sourceTree = "<group>";
		};
		D84F886B27D0FFD30025F23A /* protocols */ = {
			isa = PBXGroup;
			children = (
				D84F886C27D0FFFF0025F23A /* NewsSourcesProtocols.swift */,
			);
			path = protocols;
			sourceTree = "<group>";
		};
		D84F887C27D1E0340025F23A /* protocols */ = {
			isa = PBXGroup;
			children = (
				D84F887D27D1E0700025F23A /* NewsArticlesProtocols.swift */,
			);
			path = protocols;
			sourceTree = "<group>";
		};
		D84F888F27D21A950025F23A /* Extensions */ = {
			isa = PBXGroup;
			children = (
				D84F889027D21AB60025F23A /* UIImageView.swift */,
			);
			path = Extensions;
			sourceTree = "<group>";
		};
		D84F889427D245DC0025F23A /* Reusable */ = {
			isa = PBXGroup;
			children = (
				D84F889227D245D60025F23A /* WebViewController.swift */,
			);
			path = Reusable;
			sourceTree = "<group>";
		};
		D84F889527D267B50025F23A /* tableViewCells */ = {
			isa = PBXGroup;
			children = (
				D84F888B27D1ECF60025F23A /* ArticlesTableViewCell.swift */,
				D84F888C27D1ECF60025F23A /* ArticlesTableViewCell.xib */,
				D84F889627D267ED0025F23A /* NoThumbnailArticlesTableViewCell.swift */,
				D84F889727D267ED0025F23A /* NoThumbnailArticlesTableViewCell.xib */,
			);
			path = tableViewCells;
			sourceTree = "<group>";
		};
/* End PBXGroup section */

/* Begin PBXNativeTarget section */
		D84F87FC27CE46850025F23A /* Mandiri_Project */ = {
			isa = PBXNativeTarget;
			buildConfigurationList = D84F882727CE46880025F23A /* Build configuration list for PBXNativeTarget "Mandiri_Project" */;
			buildPhases = (
				D84F87F927CE46850025F23A /* Sources */,
				D84F87FA27CE46850025F23A /* Frameworks */,
				D84F87FB27CE46850025F23A /* Resources */,
			);
			buildRules = (
			);
			dependencies = (
			);
			name = Mandiri_Project;
			productName = Mandiri_Project;
			productReference = D84F87FD27CE46850025F23A /* Mandiri_Project.app */;
			productType = "com.apple.product-type.application";
		};
		D84F881227CE46880025F23A /* Mandiri_ProjectTests */ = {
			isa = PBXNativeTarget;
			buildConfigurationList = D84F882A27CE46880025F23A /* Build configuration list for PBXNativeTarget "Mandiri_ProjectTests" */;
			buildPhases = (
				D84F880F27CE46880025F23A /* Sources */,
				D84F881027CE46880025F23A /* Frameworks */,
				D84F881127CE46880025F23A /* Resources */,
			);
			buildRules = (
			);
			dependencies = (
				D84F881527CE46880025F23A /* PBXTargetDependency */,
			);
			name = Mandiri_ProjectTests;
			productName = Mandiri_ProjectTests;
			productReference = D84F881327CE46880025F23A /* Mandiri_ProjectTests.xctest */;
			productType = "com.apple.product-type.bundle.unit-test";
		};
		D84F881C27CE46880025F23A /* Mandiri_ProjectUITests */ = {
			isa = PBXNativeTarget;
			buildConfigurationList = D84F882D27CE46880025F23A /* Build configuration list for PBXNativeTarget "Mandiri_ProjectUITests" */;
			buildPhases = (
				D84F881927CE46880025F23A /* Sources */,
				D84F881A27CE46880025F23A /* Frameworks */,
				D84F881B27CE46880025F23A /* Resources */,
			);
			buildRules = (
			);
			dependencies = (
				D84F881F27CE46880025F23A /* PBXTargetDependency */,
			);
			name = Mandiri_ProjectUITests;
			productName = Mandiri_ProjectUITests;
			productReference = D84F881D27CE46880025F23A /* Mandiri_ProjectUITests.xctest */;
			productType = "com.apple.product-type.bundle.ui-testing";
		};
/* End PBXNativeTarget section */

/* Begin PBXProject section */
		D84F87F527CE46850025F23A /* Project object */ = {
			isa = PBXProject;
			attributes = {
				BuildIndependentTargetsInParallel = 1;
				LastSwiftUpdateCheck = 1320;
				LastUpgradeCheck = 1320;
				TargetAttributes = {
					D84F87FC27CE46850025F23A = {
						CreatedOnToolsVersion = 13.2.1;
					};
					D84F881227CE46880025F23A = {
						CreatedOnToolsVersion = 13.2.1;
						TestTargetID = D84F87FC27CE46850025F23A;
					};
					D84F881C27CE46880025F23A = {
						CreatedOnToolsVersion = 13.2.1;
						TestTargetID = D84F87FC27CE46850025F23A;
					};
				};
			};
			buildConfigurationList = D84F87F827CE46850025F23A /* Build configuration list for PBXProject "Mandiri_Project" */;
			compatibilityVersion = "Xcode 13.0";
			developmentRegion = en;
			hasScannedForEncodings = 0;
			knownRegions = (
				en,
				Base,
			);
			mainGroup = D84F87F427CE46850025F23A;
			productRefGroup = D84F87FE27CE46850025F23A /* Products */;
			projectDirPath = "";
			projectRoot = "";
			targets = (
				D84F87FC27CE46850025F23A /* Mandiri_Project */,
				D84F881227CE46880025F23A /* Mandiri_ProjectTests */,
				D84F881C27CE46880025F23A /* Mandiri_ProjectUITests */,
			);
		};
/* End PBXProject section */

/* Begin PBXResourcesBuildPhase section */
		D84F87FB27CE46850025F23A /* Resources */ = {
			isa = PBXResourcesBuildPhase;
			buildActionMask = 2147483647;
			files = (
				D84F888227D1E3B10025F23A /* NewsArticlesViewController.xib in Resources */,
				D84F880D27CE46870025F23A /* LaunchScreen.storyboard in Resources */,
				D84F887127D100980025F23A /* NewsSourcesViewController.xib in Resources */,
				D84F880A27CE46870025F23A /* Assets.xcassets in Resources */,
				D84F888E27D1ECF60025F23A /* ArticlesTableViewCell.xib in Resources */,
				D84F889927D267ED0025F23A /* NoThumbnailArticlesTableViewCell.xib in Resources */,
				D84F886027D0E3430025F23A /* NewsCategoryViewController.xib in Resources */,
				D84F887B27D1198B0025F23A /* SourcesTableViewCell.xib in Resources */,
				D84F886A27D0F8B70025F23A /* CategoryTableViewCell.xib in Resources */,
			);
			runOnlyForDeploymentPostprocessing = 0;
		};
		D84F881127CE46880025F23A /* Resources */ = {
			isa = PBXResourcesBuildPhase;
			buildActionMask = 2147483647;
			files = (
			);
			runOnlyForDeploymentPostprocessing = 0;
		};
		D84F881B27CE46880025F23A /* Resources */ = {
			isa = PBXResourcesBuildPhase;
			buildActionMask = 2147483647;
			files = (
			);
			runOnlyForDeploymentPostprocessing = 0;
		};
/* End PBXResourcesBuildPhase section */

/* Begin PBXSourcesBuildPhase section */
		D84F87F927CE46850025F23A /* Sources */ = {
			isa = PBXSourcesBuildPhase;
			buildActionMask = 2147483647;
			files = (
				D84F888427D1E53E0025F23A /* NewsArticlesInteractor.swift in Sources */,
				D84F884327D0AFF60025F23A /* News.swift in Sources */,
				D84F885C27D0E1580025F23A /* NewsCategoryProtocol.swift in Sources */,
				D84F880127CE46850025F23A /* AppDelegate.swift in Sources */,
				D84F886627D0E5F40025F23A /* NewsCategoryRouter.swift in Sources */,
				D84F887027D100980025F23A /* NewsSourcesViewController.swift in Sources */,
				D84F888627D1E57F0025F23A /* NewsArticlesPresenter.swift in Sources */,
				D84F883727CFB2940025F23A /* DataManager.swift in Sources */,
				D84F885F27D0E3430025F23A /* NewsCategoryViewController.swift in Sources */,
				D84F886227D0E4250025F23A /* NewsCategoryPresenter.swift in Sources */,
				D84F886D27D0FFFF0025F23A /* NewsSourcesProtocols.swift in Sources */,
				D84F883E27CFBD170025F23A /* Constant.swift in Sources */,
				D84F889827D267ED0025F23A /* NoThumbnailArticlesTableViewCell.swift in Sources */,
				D84F887527D103C20025F23A /* NewsSourcesPresenter.swift in Sources */,
				D84F887A27D1198B0025F23A /* SourcesTableViewCell.swift in Sources */,
				D84F885527D0BF640025F23A /* NewsSource.swift in Sources */,
				D84F888D27D1ECF60025F23A /* ArticlesTableViewCell.swift in Sources */,
				D84F889127D21AB60025F23A /* UIImageView.swift in Sources */,
				D84F887727D105C00025F23A /* NewsSourcesRouter.swift in Sources */,
				D84F888827D1E67E0025F23A /* NewsArticlesRouter.swift in Sources */,
				D84F883B27CFB31D0025F23A /* APIRequest.swift in Sources */,
				D84F886427D0E4AC0025F23A /* NewsCategoryInteractor.swift in Sources */,
				D84F886927D0F8B70025F23A /* CategoryTableViewCell.swift in Sources */,
				D84F887327D102D20025F23A /* NewsSourcesInteractor.swift in Sources */,
				D84F880327CE46850025F23A /* SceneDelegate.swift in Sources */,
				D84F889327D245D60025F23A /* WebViewController.swift in Sources */,
				D84F888127D1E3B10025F23A /* NewsArticlesViewController.swift in Sources */,
				D84F887E27D1E0700025F23A /* NewsArticlesProtocols.swift in Sources */,
			);
			runOnlyForDeploymentPostprocessing = 0;
		};
		D84F880F27CE46880025F23A /* Sources */ = {
			isa = PBXSourcesBuildPhase;
			buildActionMask = 2147483647;
			files = (
				D84F881827CE46880025F23A /* Mandiri_ProjectTests.swift in Sources */,
			);
			runOnlyForDeploymentPostprocessing = 0;
		};
		D84F881927CE46880025F23A /* Sources */ = {
			isa = PBXSourcesBuildPhase;
			buildActionMask = 2147483647;
			files = (
				D84F882227CE46880025F23A /* Mandiri_ProjectUITests.swift in Sources */,
				D84F882427CE46880025F23A /* Mandiri_ProjectUITestsLaunchTests.swift in Sources */,
			);
			runOnlyForDeploymentPostprocessing = 0;
		};
/* End PBXSourcesBuildPhase section */

/* Begin PBXTargetDependency section */
		D84F881527CE46880025F23A /* PBXTargetDependency */ = {
			isa = PBXTargetDependency;
			target = D84F87FC27CE46850025F23A /* Mandiri_Project */;
			targetProxy = D84F881427CE46880025F23A /* PBXContainerItemProxy */;
		};
		D84F881F27CE46880025F23A /* PBXTargetDependency */ = {
			isa = PBXTargetDependency;
			target = D84F87FC27CE46850025F23A /* Mandiri_Project */;
			targetProxy = D84F881E27CE46880025F23A /* PBXContainerItemProxy */;
		};
/* End PBXTargetDependency section */

/* Begin PBXVariantGroup section */
		D84F880B27CE46870025F23A /* LaunchScreen.storyboard */ = {
			isa = PBXVariantGroup;
			children = (
				D84F880C27CE46870025F23A /* Base */,
			);
			name = LaunchScreen.storyboard;
			sourceTree = "<group>";
		};
/* End PBXVariantGroup section */

/* Begin XCBuildConfiguration section */
		D84F882527CE46880025F23A /* Debug */ = {
			isa = XCBuildConfiguration;
			buildSettings = {
				ALWAYS_SEARCH_USER_PATHS = NO;
				CLANG_ANALYZER_NONNULL = YES;
				CLANG_ANALYZER_NUMBER_OBJECT_CONVERSION = YES_AGGRESSIVE;
				CLANG_CXX_LANGUAGE_STANDARD = "gnu++17";
				CLANG_CXX_LIBRARY = "libc++";
				CLANG_ENABLE_MODULES = YES;
				CLANG_ENABLE_OBJC_ARC = YES;
				CLANG_ENABLE_OBJC_WEAK = YES;
				CLANG_WARN_BLOCK_CAPTURE_AUTORELEASING = YES;
				CLANG_WARN_BOOL_CONVERSION = YES;
				CLANG_WARN_COMMA = YES;
				CLANG_WARN_CONSTANT_CONVERSION = YES;
				CLANG_WARN_DEPRECATED_OBJC_IMPLEMENTATIONS = YES;
				CLANG_WARN_DIRECT_OBJC_ISA_USAGE = YES_ERROR;
				CLANG_WARN_DOCUMENTATION_COMMENTS = YES;
				CLANG_WARN_EMPTY_BODY = YES;
				CLANG_WARN_ENUM_CONVERSION = YES;
				CLANG_WARN_INFINITE_RECURSION = YES;
				CLANG_WARN_INT_CONVERSION = YES;
				CLANG_WARN_NON_LITERAL_NULL_CONVERSION = YES;
				CLANG_WARN_OBJC_IMPLICIT_RETAIN_SELF = YES;
				CLANG_WARN_OBJC_LITERAL_CONVERSION = YES;
				CLANG_WARN_OBJC_ROOT_CLASS = YES_ERROR;
				CLANG_WARN_QUOTED_INCLUDE_IN_FRAMEWORK_HEADER = YES;
				CLANG_WARN_RANGE_LOOP_ANALYSIS = YES;
				CLANG_WARN_STRICT_PROTOTYPES = YES;
				CLANG_WARN_SUSPICIOUS_MOVE = YES;
				CLANG_WARN_UNGUARDED_AVAILABILITY = YES_AGGRESSIVE;
				CLANG_WARN_UNREACHABLE_CODE = YES;
				CLANG_WARN__DUPLICATE_METHOD_MATCH = YES;
				COPY_PHASE_STRIP = NO;
				DEBUG_INFORMATION_FORMAT = dwarf;
				ENABLE_STRICT_OBJC_MSGSEND = YES;
				ENABLE_TESTABILITY = YES;
				GCC_C_LANGUAGE_STANDARD = gnu11;
				GCC_DYNAMIC_NO_PIC = NO;
				GCC_NO_COMMON_BLOCKS = YES;
				GCC_OPTIMIZATION_LEVEL = 0;
				GCC_PREPROCESSOR_DEFINITIONS = (
					"DEBUG=1",
					"$(inherited)",
				);
				GCC_WARN_64_TO_32_BIT_CONVERSION = YES;
				GCC_WARN_ABOUT_RETURN_TYPE = YES_ERROR;
				GCC_WARN_UNDECLARED_SELECTOR = YES;
				GCC_WARN_UNINITIALIZED_AUTOS = YES_AGGRESSIVE;
				GCC_WARN_UNUSED_FUNCTION = YES;
				GCC_WARN_UNUSED_VARIABLE = YES;
				IPHONEOS_DEPLOYMENT_TARGET = 15.2;
				MTL_ENABLE_DEBUG_INFO = INCLUDE_SOURCE;
				MTL_FAST_MATH = YES;
				ONLY_ACTIVE_ARCH = YES;
				SDKROOT = iphoneos;
				SWIFT_ACTIVE_COMPILATION_CONDITIONS = DEBUG;
				SWIFT_OPTIMIZATION_LEVEL = "-Onone";
			};
			name = Debug;
		};
		D84F882627CE46880025F23A /* Release */ = {
			isa = XCBuildConfiguration;
			buildSettings = {
				ALWAYS_SEARCH_USER_PATHS = NO;
				CLANG_ANALYZER_NONNULL = YES;
				CLANG_ANALYZER_NUMBER_OBJECT_CONVERSION = YES_AGGRESSIVE;
				CLANG_CXX_LANGUAGE_STANDARD = "gnu++17";
				CLANG_CXX_LIBRARY = "libc++";
				CLANG_ENABLE_MODULES = YES;
				CLANG_ENABLE_OBJC_ARC = YES;
				CLANG_ENABLE_OBJC_WEAK = YES;
				CLANG_WARN_BLOCK_CAPTURE_AUTORELEASING = YES;
				CLANG_WARN_BOOL_CONVERSION = YES;
				CLANG_WARN_COMMA = YES;
				CLANG_WARN_CONSTANT_CONVERSION = YES;
				CLANG_WARN_DEPRECATED_OBJC_IMPLEMENTATIONS = YES;
				CLANG_WARN_DIRECT_OBJC_ISA_USAGE = YES_ERROR;
				CLANG_WARN_DOCUMENTATION_COMMENTS = YES;
				CLANG_WARN_EMPTY_BODY = YES;
				CLANG_WARN_ENUM_CONVERSION = YES;
				CLANG_WARN_INFINITE_RECURSION = YES;
				CLANG_WARN_INT_CONVERSION = YES;
				CLANG_WARN_NON_LITERAL_NULL_CONVERSION = YES;
				CLANG_WARN_OBJC_IMPLICIT_RETAIN_SELF = YES;
				CLANG_WARN_OBJC_LITERAL_CONVERSION = YES;
				CLANG_WARN_OBJC_ROOT_CLASS = YES_ERROR;
				CLANG_WARN_QUOTED_INCLUDE_IN_FRAMEWORK_HEADER = YES;
				CLANG_WARN_RANGE_LOOP_ANALYSIS = YES;
				CLANG_WARN_STRICT_PROTOTYPES = YES;
				CLANG_WARN_SUSPICIOUS_MOVE = YES;
				CLANG_WARN_UNGUARDED_AVAILABILITY = YES_AGGRESSIVE;
				CLANG_WARN_UNREACHABLE_CODE = YES;
				CLANG_WARN__DUPLICATE_METHOD_MATCH = YES;
				COPY_PHASE_STRIP = NO;
				DEBUG_INFORMATION_FORMAT = "dwarf-with-dsym";
				ENABLE_NS_ASSERTIONS = NO;
				ENABLE_STRICT_OBJC_MSGSEND = YES;
				GCC_C_LANGUAGE_STANDARD = gnu11;
				GCC_NO_COMMON_BLOCKS = YES;
				GCC_WARN_64_TO_32_BIT_CONVERSION = YES;
				GCC_WARN_ABOUT_RETURN_TYPE = YES_ERROR;
				GCC_WARN_UNDECLARED_SELECTOR = YES;
				GCC_WARN_UNINITIALIZED_AUTOS = YES_AGGRESSIVE;
				GCC_WARN_UNUSED_FUNCTION = YES;
				GCC_WARN_UNUSED_VARIABLE = YES;
				IPHONEOS_DEPLOYMENT_TARGET = 15.2;
				MTL_ENABLE_DEBUG_INFO = NO;
				MTL_FAST_MATH = YES;
				SDKROOT = iphoneos;
				SWIFT_COMPILATION_MODE = wholemodule;
				SWIFT_OPTIMIZATION_LEVEL = "-O";
				VALIDATE_PRODUCT = YES;
			};
			name = Release;
		};
		D84F882827CE46880025F23A /* Debug */ = {
			isa = XCBuildConfiguration;
			buildSettings = {
				ASSETCATALOG_COMPILER_APPICON_NAME = AppIcon;
				ASSETCATALOG_COMPILER_GLOBAL_ACCENT_COLOR_NAME = AccentColor;
				CODE_SIGN_STYLE = Automatic;
				CURRENT_PROJECT_VERSION = 1;
				DEVELOPMENT_TEAM = HLL562LRK4;
				GENERATE_INFOPLIST_FILE = YES;
				INFOPLIST_FILE = Mandiri_Project/Info.plist;
				INFOPLIST_KEY_UIApplicationSupportsIndirectInputEvents = YES;
				INFOPLIST_KEY_UILaunchStoryboardName = LaunchScreen;
				INFOPLIST_KEY_UISupportedInterfaceOrientations_iPad = "UIInterfaceOrientationPortrait UIInterfaceOrientationPortraitUpsideDown UIInterfaceOrientationLandscapeLeft UIInterfaceOrientationLandscapeRight";
				INFOPLIST_KEY_UISupportedInterfaceOrientations_iPhone = "UIInterfaceOrientationPortrait UIInterfaceOrientationLandscapeLeft UIInterfaceOrientationLandscapeRight";
				LD_RUNPATH_SEARCH_PATHS = (
					"$(inherited)",
					"@executable_path/Frameworks",
				);
				MARKETING_VERSION = 1.0;
				PRODUCT_BUNDLE_IDENTIFIER = "AdhellaSubalie.Mandiri-Project";
				PRODUCT_NAME = "$(TARGET_NAME)";
				SWIFT_EMIT_LOC_STRINGS = YES;
				SWIFT_VERSION = 5.0;
				TARGETED_DEVICE_FAMILY = "1,2";
			};
			name = Debug;
		};
		D84F882927CE46880025F23A /* Release */ = {
			isa = XCBuildConfiguration;
			buildSettings = {
				ASSETCATALOG_COMPILER_APPICON_NAME = AppIcon;
				ASSETCATALOG_COMPILER_GLOBAL_ACCENT_COLOR_NAME = AccentColor;
				CODE_SIGN_STYLE = Automatic;
				CURRENT_PROJECT_VERSION = 1;
				DEVELOPMENT_TEAM = HLL562LRK4;
				GENERATE_INFOPLIST_FILE = YES;
				INFOPLIST_FILE = Mandiri_Project/Info.plist;
				INFOPLIST_KEY_UIApplicationSupportsIndirectInputEvents = YES;
				INFOPLIST_KEY_UILaunchStoryboardName = LaunchScreen;
				INFOPLIST_KEY_UISupportedInterfaceOrientations_iPad = "UIInterfaceOrientationPortrait UIInterfaceOrientationPortraitUpsideDown UIInterfaceOrientationLandscapeLeft UIInterfaceOrientationLandscapeRight";
				INFOPLIST_KEY_UISupportedInterfaceOrientations_iPhone = "UIInterfaceOrientationPortrait UIInterfaceOrientationLandscapeLeft UIInterfaceOrientationLandscapeRight";
				LD_RUNPATH_SEARCH_PATHS = (
					"$(inherited)",
					"@executable_path/Frameworks",
				);
				MARKETING_VERSION = 1.0;
				PRODUCT_BUNDLE_IDENTIFIER = "AdhellaSubalie.Mandiri-Project";
				PRODUCT_NAME = "$(TARGET_NAME)";
				SWIFT_EMIT_LOC_STRINGS = YES;
				SWIFT_VERSION = 5.0;
				TARGETED_DEVICE_FAMILY = "1,2";
			};
			name = Release;
		};
		D84F882B27CE46880025F23A /* Debug */ = {
			isa = XCBuildConfiguration;
			buildSettings = {
				ALWAYS_EMBED_SWIFT_STANDARD_LIBRARIES = YES;
				BUNDLE_LOADER = "$(TEST_HOST)";
				CODE_SIGN_STYLE = Automatic;
				CURRENT_PROJECT_VERSION = 1;
				DEVELOPMENT_TEAM = HLL562LRK4;
				GENERATE_INFOPLIST_FILE = YES;
				IPHONEOS_DEPLOYMENT_TARGET = 15.2;
				MARKETING_VERSION = 1.0;
				PRODUCT_BUNDLE_IDENTIFIER = "AdhellaSubalie.Mandiri-ProjectTests";
				PRODUCT_NAME = "$(TARGET_NAME)";
				SWIFT_EMIT_LOC_STRINGS = NO;
				SWIFT_VERSION = 5.0;
				TARGETED_DEVICE_FAMILY = "1,2";
				TEST_HOST = "$(BUILT_PRODUCTS_DIR)/Mandiri_Project.app/Mandiri_Project";
			};
			name = Debug;
		};
		D84F882C27CE46880025F23A /* Release */ = {
			isa = XCBuildConfiguration;
			buildSettings = {
				ALWAYS_EMBED_SWIFT_STANDARD_LIBRARIES = YES;
				BUNDLE_LOADER = "$(TEST_HOST)";
				CODE_SIGN_STYLE = Automatic;
				CURRENT_PROJECT_VERSION = 1;
				DEVELOPMENT_TEAM = HLL562LRK4;
				GENERATE_INFOPLIST_FILE = YES;
				IPHONEOS_DEPLOYMENT_TARGET = 15.2;
				MARKETING_VERSION = 1.0;
				PRODUCT_BUNDLE_IDENTIFIER = "AdhellaSubalie.Mandiri-ProjectTests";
				PRODUCT_NAME = "$(TARGET_NAME)";
				SWIFT_EMIT_LOC_STRINGS = NO;
				SWIFT_VERSION = 5.0;
				TARGETED_DEVICE_FAMILY = "1,2";
				TEST_HOST = "$(BUILT_PRODUCTS_DIR)/Mandiri_Project.app/Mandiri_Project";
			};
			name = Release;
		};
		D84F882E27CE46880025F23A /* Debug */ = {
			isa = XCBuildConfiguration;
			buildSettings = {
				ALWAYS_EMBED_SWIFT_STANDARD_LIBRARIES = YES;
				CODE_SIGN_STYLE = Automatic;
				CURRENT_PROJECT_VERSION = 1;
				DEVELOPMENT_TEAM = HLL562LRK4;
				GENERATE_INFOPLIST_FILE = YES;
				MARKETING_VERSION = 1.0;
				PRODUCT_BUNDLE_IDENTIFIER = "AdhellaSubalie.Mandiri-ProjectUITests";
				PRODUCT_NAME = "$(TARGET_NAME)";
				SWIFT_EMIT_LOC_STRINGS = NO;
				SWIFT_VERSION = 5.0;
				TARGETED_DEVICE_FAMILY = "1,2";
				TEST_TARGET_NAME = Mandiri_Project;
			};
			name = Debug;
		};
		D84F882F27CE46880025F23A /* Release */ = {
			isa = XCBuildConfiguration;
			buildSettings = {
				ALWAYS_EMBED_SWIFT_STANDARD_LIBRARIES = YES;
				CODE_SIGN_STYLE = Automatic;
				CURRENT_PROJECT_VERSION = 1;
				DEVELOPMENT_TEAM = HLL562LRK4;
				GENERATE_INFOPLIST_FILE = YES;
				MARKETING_VERSION = 1.0;
				PRODUCT_BUNDLE_IDENTIFIER = "AdhellaSubalie.Mandiri-ProjectUITests";
				PRODUCT_NAME = "$(TARGET_NAME)";
				SWIFT_EMIT_LOC_STRINGS = NO;
				SWIFT_VERSION = 5.0;
				TARGETED_DEVICE_FAMILY = "1,2";
				TEST_TARGET_NAME = Mandiri_Project;
			};
			name = Release;
		};
/* End XCBuildConfiguration section */

/* Begin XCConfigurationList section */
		D84F87F827CE46850025F23A /* Build configuration list for PBXProject "Mandiri_Project" */ = {
			isa = XCConfigurationList;
			buildConfigurations = (
				D84F882527CE46880025F23A /* Debug */,
				D84F882627CE46880025F23A /* Release */,
			);
			defaultConfigurationIsVisible = 0;
			defaultConfigurationName = Release;
		};
		D84F882727CE46880025F23A /* Build configuration list for PBXNativeTarget "Mandiri_Project" */ = {
			isa = XCConfigurationList;
			buildConfigurations = (
				D84F882827CE46880025F23A /* Debug */,
				D84F882927CE46880025F23A /* Release */,
			);
			defaultConfigurationIsVisible = 0;
			defaultConfigurationName = Release;
		};
		D84F882A27CE46880025F23A /* Build configuration list for PBXNativeTarget "Mandiri_ProjectTests" */ = {
			isa = XCConfigurationList;
			buildConfigurations = (
				D84F882B27CE46880025F23A /* Debug */,
				D84F882C27CE46880025F23A /* Release */,
			);
			defaultConfigurationIsVisible = 0;
			defaultConfigurationName = Release;
		};
		D84F882D27CE46880025F23A /* Build configuration list for PBXNativeTarget "Mandiri_ProjectUITests" */ = {
			isa = XCConfigurationList;
			buildConfigurations = (
				D84F882E27CE46880025F23A /* Debug */,
				D84F882F27CE46880025F23A /* Release */,
			);
			defaultConfigurationIsVisible = 0;
			defaultConfigurationName = Release;
		};
/* End XCConfigurationList section */
	};
	rootObject = D84F87F527CE46850025F23A /* Project object */;
}
